
Microsoft Visual Studio Solution File, Format Version 12.00
# Visual Studio Version 17
VisualStudioVersion = 17.0.31903.59
MinimumVisualStudioVersion = 10.0.40219.1
Project("{FAE04EC0-301F-11D3-BF4B-00C04F79EFBC}") = "DataflowBuilder", "src\DataflowBuilder.csproj", "{B1010C6B-ACFC-4965-95D2-3701C3DCC341}"
EndProject
Project("{2150E333-8FDC-42A3-9474-1A3956D46DE8}") = "samples", "samples", "{1A4F8359-D396-4B4D-858C-A57499852DAA}"
EndProject
Project("{FAE04EC0-301F-11D3-BF4B-00C04F79EFBC}") = "DataflowBuilder.Samples", "samples\DataflowBuilder.Samples\DataflowBuilder.Samples.csproj", "{F027E08B-B0A9-44E7-BC9B-DA9E59615216}"
EndProject
Project("{FAE04EC0-301F-11D3-BF4B-00C04F79EFBC}") = "DataflowBuilder.Tests", "tests\DataflowBuilder.Tests.csproj", "{BC58D6F8-8A7E-4F15-AF8B-A3AC9B94F173}"
EndProject
Global
	GlobalSection(SolutionConfigurationPlatforms) = preSolution
		Debug|Any CPU = Debug|Any CPU
		Release|Any CPU = Release|Any CPU
	EndGlobalSection
	GlobalSection(SolutionProperties) = preSolution
		HideSolutionNode = FALSE
	EndGlobalSection
	GlobalSection(ProjectConfigurationPlatforms) = postSolution
		{B1010C6B-ACFC-4965-95D2-3701C3DCC341}.Debug|Any CPU.ActiveCfg = Debug|Any CPU
		{B1010C6B-ACFC-4965-95D2-3701C3DCC341}.Debug|Any CPU.Build.0 = Debug|Any CPU
		{B1010C6B-ACFC-4965-95D2-3701C3DCC341}.Release|Any CPU.ActiveCfg = Release|Any CPU
		{B1010C6B-ACFC-4965-95D2-3701C3DCC341}.Release|Any CPU.Build.0 = Release|Any CPU
		{F027E08B-B0A9-44E7-BC9B-DA9E59615216}.Debug|Any CPU.ActiveCfg = Debug|Any CPU
		{F027E08B-B0A9-44E7-BC9B-DA9E59615216}.Debug|Any CPU.Build.0 = Debug|Any CPU
		{F027E08B-B0A9-44E7-BC9B-DA9E59615216}.Release|Any CPU.ActiveCfg = Release|Any CPU
		{F027E08B-B0A9-44E7-BC9B-DA9E59615216}.Release|Any CPU.Build.0 = Release|Any CPU
		{BC58D6F8-8A7E-4F15-AF8B-A3AC9B94F173}.Debug|Any CPU.ActiveCfg = Debug|Any CPU
		{BC58D6F8-8A7E-4F15-AF8B-A3AC9B94F173}.Debug|Any CPU.Build.0 = Debug|Any CPU
		{BC58D6F8-8A7E-4F15-AF8B-A3AC9B94F173}.Release|Any CPU.ActiveCfg = Release|Any CPU
		{BC58D6F8-8A7E-4F15-AF8B-A3AC9B94F173}.Release|Any CPU.Build.0 = Release|Any CPU
	EndGlobalSection
	GlobalSection(NestedProjects) = preSolution
		{F027E08B-B0A9-44E7-BC9B-DA9E59615216} = {1A4F8359-D396-4B4D-858C-A57499852DAA}
	EndGlobalSection
EndGlobal
